
Microsoft Visual Studio Solution File, Format Version 11.00
# Visual Studio 2010
Project("{FAE04EC0-301F-11D3-BF4B-00C04F79EFBC}") = "EncFisherEx", "EncFisherEx\EncFisherEx.csproj", "{6B1640BE-A369-48BA-8F17-01A34A05A4E4}"
EndProject
Project("{FAE04EC0-301F-11D3-BF4B-00C04F79EFBC}") = "LibFisherEx", "LibFisherEx\LibFisherEx.csproj", "{99CAEF2F-CBBD-473B-9287-E15B1AD9A6A5}"
EndProject
Project("{FAE04EC0-301F-11D3-BF4B-00C04F79EFBC}") = "DecFisherEx", "DecFisherEx\DecFisherEx.csproj", "{71F89271-9B87-489C-A52B-193520B5C394}"
EndProject
Project("{FAE04EC0-301F-11D3-BF4B-00C04F79EFBC}") = "DeinterlacingWeaveEx", "DeinterlacingWeaveEx\DeinterlacingWeaveEx.csproj", "{6183D0AA-AE23-4A3F-8881-25FD1BF8CED2}"
EndProject
Project("{FAE04EC0-301F-11D3-BF4B-00C04F79EFBC}") = "DeinterlacingBobEx", "DeinterlacingBobEx\DeinterlacingBobEx.csproj", "{71DF9F11-5B25-4492-A7CE-7DE03F097C43}"
EndProject
Project("{FAE04EC0-301F-11D3-BF4B-00C04F79EFBC}") = "DeinterlacingELAEx", "DeinterlacingELAEx\DeinterlacingELAEx.csproj", "{F9AB3E82-8506-4853-B822-98F9B375C8FC}"
EndProject
Project("{FAE04EC0-301F-11D3-BF4B-00C04F79EFBC}") = "DeinterlacingByMeEx", "DeinterlacingByMeEx\DeinterlacingByMeEx.csproj", "{2F6C4E3D-B967-4E48-AD13-9F6B42EDD373}"
EndProject
Global
	GlobalSection(SolutionConfigurationPlatforms) = preSolution
		Debug|Any CPU = Debug|Any CPU
		Debug|Mixed Platforms = Debug|Mixed Platforms
		Debug|x86 = Debug|x86
		Release|Any CPU = Release|Any CPU
		Release|Mixed Platforms = Release|Mixed Platforms
		Release|x86 = Release|x86
	EndGlobalSection
	GlobalSection(ProjectConfigurationPlatforms) = postSolution
		{6B1640BE-A369-48BA-8F17-01A34A05A4E4}.Debug|Any CPU.ActiveCfg = Debug|x86
		{6B1640BE-A369-48BA-8F17-01A34A05A4E4}.Debug|Mixed Platforms.ActiveCfg = Debug|x86
		{6B1640BE-A369-48BA-8F17-01A34A05A4E4}.Debug|Mixed Platforms.Build.0 = Debug|x86
		{6B1640BE-A369-48BA-8F17-01A34A05A4E4}.Debug|x86.ActiveCfg = Debug|x86
		{6B1640BE-A369-48BA-8F17-01A34A05A4E4}.Debug|x86.Build.0 = Debug|x86
		{6B1640BE-A369-48BA-8F17-01A34A05A4E4}.Release|Any CPU.ActiveCfg = Release|x86
		{6B1640BE-A369-48BA-8F17-01A34A05A4E4}.Release|Mixed Platforms.ActiveCfg = Release|x86
		{6B1640BE-A369-48BA-8F17-01A34A05A4E4}.Release|Mixed Platforms.Build.0 = Release|x86
		{6B1640BE-A369-48BA-8F17-01A34A05A4E4}.Release|x86.ActiveCfg = Release|x86
		{6B1640BE-A369-48BA-8F17-01A34A05A4E4}.Release|x86.Build.0 = Release|x86
		{99CAEF2F-CBBD-473B-9287-E15B1AD9A6A5}.Debug|Any CPU.ActiveCfg = Debug|Any CPU
		{99CAEF2F-CBBD-473B-9287-E15B1AD9A6A5}.Debug|Any CPU.Build.0 = Debug|Any CPU
		{99CAEF2F-CBBD-473B-9287-E15B1AD9A6A5}.Debug|Mixed Platforms.ActiveCfg = Debug|Any CPU
		{99CAEF2F-CBBD-473B-9287-E15B1AD9A6A5}.Debug|Mixed Platforms.Build.0 = Debug|Any CPU
		{99CAEF2F-CBBD-473B-9287-E15B1AD9A6A5}.Debug|x86.ActiveCfg = Debug|Any CPU
		{99CAEF2F-CBBD-473B-9287-E15B1AD9A6A5}.Release|Any CPU.ActiveCfg = Release|Any CPU
		{99CAEF2F-CBBD-473B-9287-E15B1AD9A6A5}.Release|Any CPU.Build.0 = Release|Any CPU
		{99CAEF2F-CBBD-473B-9287-E15B1AD9A6A5}.Release|Mixed Platforms.ActiveCfg = Release|Any CPU
		{99CAEF2F-CBBD-473B-9287-E15B1AD9A6A5}.Release|Mixed Platforms.Build.0 = Release|Any CPU
		{99CAEF2F-CBBD-473B-9287-E15B1AD9A6A5}.Release|x86.ActiveCfg = Release|Any CPU
		{71F89271-9B87-489C-A52B-193520B5C394}.Debug|Any CPU.ActiveCfg = Debug|x86
		{71F89271-9B87-489C-A52B-193520B5C394}.Debug|Mixed Platforms.ActiveCfg = Debug|x86
		{71F89271-9B87-489C-A52B-193520B5C394}.Debug|Mixed Platforms.Build.0 = Debug|x86
		{71F89271-9B87-489C-A52B-193520B5C394}.Debug|x86.ActiveCfg = Debug|x86
		{71F89271-9B87-489C-A52B-193520B5C394}.Debug|x86.Build.0 = Debug|x86
		{71F89271-9B87-489C-A52B-193520B5C394}.Release|Any CPU.ActiveCfg = Release|x86
		{71F89271-9B87-489C-A52B-193520B5C394}.Release|Mixed Platforms.ActiveCfg = Release|x86
		{71F89271-9B87-489C-A52B-193520B5C394}.Release|Mixed Platforms.Build.0 = Release|x86
		{71F89271-9B87-489C-A52B-193520B5C394}.Release|x86.ActiveCfg = Release|x86
		{71F89271-9B87-489C-A52B-193520B5C394}.Release|x86.Build.0 = Release|x86
		{6183D0AA-AE23-4A3F-8881-25FD1BF8CED2}.Debug|Any CPU.ActiveCfg = Debug|x86
		{6183D0AA-AE23-4A3F-8881-25FD1BF8CED2}.Debug|Mixed Platforms.ActiveCfg = Debug|x86
		{6183D0AA-AE23-4A3F-8881-25FD1BF8CED2}.Debug|Mixed Platforms.Build.0 = Debug|x86
		{6183D0AA-AE23-4A3F-8881-25FD1BF8CED2}.Debug|x86.ActiveCfg = Debug|x86
		{6183D0AA-AE23-4A3F-8881-25FD1BF8CED2}.Debug|x86.Build.0 = Debug|x86
		{6183D0AA-AE23-4A3F-8881-25FD1BF8CED2}.Release|Any CPU.ActiveCfg = Release|x86
		{6183D0AA-AE23-4A3F-8881-25FD1BF8CED2}.Release|Mixed Platforms.ActiveCfg = Release|x86
		{6183D0AA-AE23-4A3F-8881-25FD1BF8CED2}.Release|Mixed Platforms.Build.0 = Release|x86
		{6183D0AA-AE23-4A3F-8881-25FD1BF8CED2}.Release|x86.ActiveCfg = Release|x86
		{6183D0AA-AE23-4A3F-8881-25FD1BF8CED2}.Release|x86.Build.0 = Release|x86
		{71DF9F11-5B25-4492-A7CE-7DE03F097C43}.Debug|Any CPU.ActiveCfg = Debug|x86
		{71DF9F11-5B25-4492-A7CE-7DE03F097C43}.Debug|Mixed Platforms.ActiveCfg = Debug|x86
		{71DF9F11-5B25-4492-A7CE-7DE03F097C43}.Debug|Mixed Platforms.Build.0 = Debug|x86
		{71DF9F11-5B25-4492-A7CE-7DE03F097C43}.Debug|x86.ActiveCfg = Debug|x86
		{71DF9F11-5B25-4492-A7CE-7DE03F097C43}.Debug|x86.Build.0 = Debug|x86
		{71DF9F11-5B25-4492-A7CE-7DE03F097C43}.Release|Any CPU.ActiveCfg = Release|x86
		{71DF9F11-5B25-4492-A7CE-7DE03F097C43}.Release|Mixed Platforms.ActiveCfg = Release|x86
		{71DF9F11-5B25-4492-A7CE-7DE03F097C43}.Release|Mixed Platforms.Build.0 = Release|x86
		{71DF9F11-5B25-4492-A7CE-7DE03F097C43}.Release|x86.ActiveCfg = Release|x86
		{71DF9F11-5B25-4492-A7CE-7DE03F097C43}.Release|x86.Build.0 = Release|x86
		{F9AB3E82-8506-4853-B822-98F9B375C8FC}.Debug|Any CPU.ActiveCfg = Debug|x86
		{F9AB3E82-8506-4853-B822-98F9B375C8FC}.Debug|Mixed Platforms.ActiveCfg = Debug|x86
		{F9AB3E82-8506-4853-B822-98F9B375C8FC}.Debug|Mixed Platforms.Build.0 = Debug|x86
		{F9AB3E82-8506-4853-B822-98F9B375C8FC}.Debug|x86.ActiveCfg = Debug|x86
		{F9AB3E82-8506-4853-B822-98F9B375C8FC}.Debug|x86.Build.0 = Debug|x86
		{F9AB3E82-8506-4853-B822-98F9B375C8FC}.Release|Any CPU.ActiveCfg = Release|x86
		{F9AB3E82-8506-4853-B822-98F9B375C8FC}.Release|Mixed Platforms.ActiveCfg = Release|x86
		{F9AB3E82-8506-4853-B822-98F9B375C8FC}.Release|Mixed Platforms.Build.0 = Release|x86
		{F9AB3E82-8506-4853-B822-98F9B375C8FC}.Release|x86.ActiveCfg = Release|x86
		{F9AB3E82-8506-4853-B822-98F9B375C8FC}.Release|x86.Build.0 = Release|x86
		{2F6C4E3D-B967-4E48-AD13-9F6B42EDD373}.Debug|Any CPU.ActiveCfg = Debug|x86
		{2F6C4E3D-B967-4E48-AD13-9F6B42EDD373}.Debug|Mixed Platforms.ActiveCfg = Debug|x86
		{2F6C4E3D-B967-4E48-AD13-9F6B42EDD373}.Debug|Mixed Platforms.Build.0 = Debug|x86
		{2F6C4E3D-B967-4E48-AD13-9F6B42EDD373}.Debug|x86.ActiveCfg = Debug|x86
		{2F6C4E3D-B967-4E48-AD13-9F6B42EDD373}.Debug|x86.Build.0 = Debug|x86
		{2F6C4E3D-B967-4E48-AD13-9F6B42EDD373}.Release|Any CPU.ActiveCfg = Release|x86
		{2F6C4E3D-B967-4E48-AD13-9F6B42EDD373}.Release|Mixed Platforms.ActiveCfg = Release|x86
		{2F6C4E3D-B967-4E48-AD13-9F6B42EDD373}.Release|Mixed Platforms.Build.0 = Release|x86
		{2F6C4E3D-B967-4E48-AD13-9F6B42EDD373}.Release|x86.ActiveCfg = Release|x86
		{2F6C4E3D-B967-4E48-AD13-9F6B42EDD373}.Release|x86.Build.0 = Release|x86
	EndGlobalSection
	GlobalSection(SolutionProperties) = preSolution
		HideSolutionNode = FALSE
	EndGlobalSection
EndGlobal
